<?xml version="1.0" encoding="utf-8"?>
<Project ToolsVersion="4.0" xmlns="http://schemas.microsoft.com/developer/msbuild/2003">
  <ItemGroup>
    <Filter Include="Source Files">
      <UniqueIdentifier>{4FC737F1-C7A5-4376-A066-2A32D752A2FF}</UniqueIdentifier>
      <Extensions>cpp;c;cc;cxx;c++;cppm;ixx;def;odl;idl;hpj;bat;asm;asmx</Extensions>
    </Filter>
    <Filter Include="Header Files">
      <UniqueIdentifier>{93995380-89BD-4b04-88EB-625FBE52EBFB}</UniqueIdentifier>
      <Extensions>h;hh;hpp;hxx;h++;hm;inl;inc;ipp;xsd</Extensions>
    </Filter>
    <Filter Include="Resource Files">
      <UniqueIdentifier>{67DA6AB6-F800-4c08-8B7A-83BB121AAD01}</UniqueIdentifier>
      <Extensions>rc;ico;cur;bmp;dlg;rc2;rct;bin;rgs;gif;jpg;jpeg;jpe;resx;tiff;tif;png;wav;mfcribbon-ms</Extensions>
    </Filter>
  </ItemGroup>
  <ItemGroup>
    <ClCompile Include="Chord_inversions.cpp">
      <Filter>Source Files</Filter>
    </ClCompile>
    <ClCompile Include="..\Chords_master\Clef.cpp">
      <Filter>Source Files</Filter>
    </ClCompile>
    <ClCompile Include="step_to_notename.cpp">
      <Filter>Source Files</Filter>
    </ClCompile>
    <ClCompile Include="key_to_notename.cpp">
      <Filter>Source Files</Filter>
    </ClCompile>
    <ClCompile Include="key_to_step.cpp">
      <Filter>Source Files</Filter>
    </ClCompile>
    <ClCompile Include="pitch_to_notename.cpp">
      <Filter>Source Files</Filter>
    </ClCompile>
    <ClCompile Include="key_to_pitch.cpp">
      <Filter>Source Files</Filter>
    </ClCompile>
    <ClCompile Include="pitchchange.cpp">
      <Filter>Source Files</Filter>
    </ClCompile>
    <ClCompile Include="note_to_key.cpp">
      <Filter>Source Files</Filter>
    </ClCompile>
    <ClCompile Include="addpitch.cpp">
      <Filter>Source Files</Filter>
    </ClCompile>
    <ClCompile Include="addstep.cpp">
      <Filter>Source Files</Filter>
    </ClCompile>
    <ClCompile Include="..\Chords_master\if_note_in_chord.cpp">
      <Filter>Source Files</Filter>
    </ClCompile>
    <ClCompile Include="..\Chords_master\step_to_pitch.cpp">
      <Filter>Source Files</Filter>
    </ClCompile>
    <ClCompile Include="..\7Chord_resolver\if_note_in_chord.cpp">
      <Filter>Source Files</Filter>
    </ClCompile>
    <ClCompile Include="..\7Chord_resolver\int_quality.cpp">
      <Filter>Source Files</Filter>
    </ClCompile>
    <ClCompile Include="..\7Chord_resolver\quality_of_a_step.cpp">
      <Filter>Source Files</Filter>
    </ClCompile>
    <ClCompile Include="..\Chords_master\pitchdiff.cpp">
      <Filter>Source Files</Filter>
    </ClCompile>
    <ClCompile Include="..\Chords_master\stepdiff.cpp">
      <Filter>Source Files</Filter>
    </ClCompile>
  </ItemGroup>
  <ItemGroup>
    <ClInclude Include="Notes.h">
      <Filter>Header Files</Filter>
    </ClInclude>
  </ItemGroup>
</Project>